
Microsoft Visual Studio Solution File, Format Version 12.00
Project("{FAE04EC0-301F-11D3-BF4B-00C04F79EFBC}") = "DeX", "DeX\DeX.csproj", "{F9BE8E34-377A-48BC-8105-9A9CBE6EF1B8}"
EndProject
Global
	GlobalSection(SolutionConfigurationPlatforms) = preSolution
		Debug|Any CPU = Debug|Any CPU
		Release|Any CPU = Release|Any CPU
	EndGlobalSection
	GlobalSection(ProjectConfigurationPlatforms) = postSolution
		{F9BE8E34-377A-48BC-8105-9A9CBE6EF1B8}.Debug|Any CPU.ActiveCfg = Debug|Any CPU
		{F9BE8E34-377A-48BC-8105-9A9CBE6EF1B8}.Debug|Any CPU.Build.0 = Debug|Any CPU
		{F9BE8E34-377A-48BC-8105-9A9CBE6EF1B8}.Release|Any CPU.ActiveCfg = Release|Any CPU
		{F9BE8E34-377A-48BC-8105-9A9CBE6EF1B8}.Release|Any CPU.Build.0 = Release|Any CPU
	EndGlobalSection
EndGlobal
